
Microsoft Visual Studio Solution File, Format Version 12.00
# Visual Studio 2012
Project("{8BC9CEB8-8B4A-11D0-8D11-00A0C91BC942}") = "d-heap", "d-heap.vcxproj", "{37F5B48F-08D1-44E2-9F45-9A646C375DAD}"
EndProject
Project("{8BC9CEB8-8B4A-11D0-8D11-00A0C91BC942}") = "gtest", "gtest\gtest.vcxproj", "{B3E163FD-FCDB-416C-9C6E-8C1C2D1F4DFB}"
EndProject
Project("{8BC9CEB8-8B4A-11D0-8D11-00A0C91BC942}") = "tests", "tests\tests.vcxproj", "{2A36918B-DF0F-4454-BCD9-0609FBC2DE8D}"
	ProjectSection(ProjectDependencies) = postProject
		{37F5B48F-08D1-44E2-9F45-9A646C375DAD} = {37F5B48F-08D1-44E2-9F45-9A646C375DAD}
	EndProjectSection
EndProject
Project("{8BC9CEB8-8B4A-11D0-8D11-00A0C91BC942}") = "sample_sort", "sample_sort\sample_sort.vcxproj", "{944039B5-5E68-4B24-AD8E-4D82DD083B29}"
EndProject
Project("{8BC9CEB8-8B4A-11D0-8D11-00A0C91BC942}") = "set", "set\set.vcxproj", "{5DD0E8E6-CE5A-4A88-97B3-7F56B62F4275}"
EndProject
Project("{8BC9CEB8-8B4A-11D0-8D11-00A0C91BC942}") = "graph", "graph\graph.vcxproj", "{9DC204C1-D253-4BE0-8D0A-741D50F8E395}"
EndProject
Project("{8BC9CEB8-8B4A-11D0-8D11-00A0C91BC942}") = "sample_deykstra", "sample_deykstra\sample_deykstra.vcxproj", "{44ABCE74-BF1D-4FF3-8FF0-F296DF73893F}"
EndProject
Project("{8BC9CEB8-8B4A-11D0-8D11-00A0C91BC942}") = "queue", "queue\queue.vcxproj", "{45C096F2-A135-4141-BBBC-392E1BE9DD62}"
EndProject
Global
	GlobalSection(SolutionConfigurationPlatforms) = preSolution
		Debug|Any CPU = Debug|Any CPU
		Debug|Mixed Platforms = Debug|Mixed Platforms
		Debug|Win32 = Debug|Win32
		Release|Any CPU = Release|Any CPU
		Release|Mixed Platforms = Release|Mixed Platforms
		Release|Win32 = Release|Win32
	EndGlobalSection
	GlobalSection(ProjectConfigurationPlatforms) = postSolution
		{37F5B48F-08D1-44E2-9F45-9A646C375DAD}.Debug|Any CPU.ActiveCfg = Debug|Win32
		{37F5B48F-08D1-44E2-9F45-9A646C375DAD}.Debug|Mixed Platforms.ActiveCfg = Debug|Win32
		{37F5B48F-08D1-44E2-9F45-9A646C375DAD}.Debug|Mixed Platforms.Build.0 = Debug|Win32
		{37F5B48F-08D1-44E2-9F45-9A646C375DAD}.Debug|Win32.ActiveCfg = Debug|Win32
		{37F5B48F-08D1-44E2-9F45-9A646C375DAD}.Debug|Win32.Build.0 = Debug|Win32
		{37F5B48F-08D1-44E2-9F45-9A646C375DAD}.Release|Any CPU.ActiveCfg = Release|Win32
		{37F5B48F-08D1-44E2-9F45-9A646C375DAD}.Release|Mixed Platforms.ActiveCfg = Release|Win32
		{37F5B48F-08D1-44E2-9F45-9A646C375DAD}.Release|Mixed Platforms.Build.0 = Release|Win32
		{37F5B48F-08D1-44E2-9F45-9A646C375DAD}.Release|Win32.ActiveCfg = Release|Win32
		{37F5B48F-08D1-44E2-9F45-9A646C375DAD}.Release|Win32.Build.0 = Release|Win32
		{B3E163FD-FCDB-416C-9C6E-8C1C2D1F4DFB}.Debug|Any CPU.ActiveCfg = Debug|Win32
		{B3E163FD-FCDB-416C-9C6E-8C1C2D1F4DFB}.Debug|Mixed Platforms.ActiveCfg = Debug|Win32
		{B3E163FD-FCDB-416C-9C6E-8C1C2D1F4DFB}.Debug|Mixed Platforms.Build.0 = Debug|Win32
		{B3E163FD-FCDB-416C-9C6E-8C1C2D1F4DFB}.Debug|Win32.ActiveCfg = Debug|Win32
		{B3E163FD-FCDB-416C-9C6E-8C1C2D1F4DFB}.Debug|Win32.Build.0 = Debug|Win32
		{B3E163FD-FCDB-416C-9C6E-8C1C2D1F4DFB}.Release|Any CPU.ActiveCfg = Release|Win32
		{B3E163FD-FCDB-416C-9C6E-8C1C2D1F4DFB}.Release|Mixed Platforms.ActiveCfg = Release|Win32
		{B3E163FD-FCDB-416C-9C6E-8C1C2D1F4DFB}.Release|Mixed Platforms.Build.0 = Release|Win32
		{B3E163FD-FCDB-416C-9C6E-8C1C2D1F4DFB}.Release|Win32.ActiveCfg = Release|Win32
		{B3E163FD-FCDB-416C-9C6E-8C1C2D1F4DFB}.Release|Win32.Build.0 = Release|Win32
		{2A36918B-DF0F-4454-BCD9-0609FBC2DE8D}.Debug|Any CPU.ActiveCfg = Debug|Win32
		{2A36918B-DF0F-4454-BCD9-0609FBC2DE8D}.Debug|Mixed Platforms.ActiveCfg = Debug|Win32
		{2A36918B-DF0F-4454-BCD9-0609FBC2DE8D}.Debug|Mixed Platforms.Build.0 = Debug|Win32
		{2A36918B-DF0F-4454-BCD9-0609FBC2DE8D}.Debug|Win32.ActiveCfg = Debug|Win32
		{2A36918B-DF0F-4454-BCD9-0609FBC2DE8D}.Debug|Win32.Build.0 = Debug|Win32
		{2A36918B-DF0F-4454-BCD9-0609FBC2DE8D}.Release|Any CPU.ActiveCfg = Release|Win32
		{2A36918B-DF0F-4454-BCD9-0609FBC2DE8D}.Release|Mixed Platforms.ActiveCfg = Release|Win32
		{2A36918B-DF0F-4454-BCD9-0609FBC2DE8D}.Release|Mixed Platforms.Build.0 = Release|Win32
		{2A36918B-DF0F-4454-BCD9-0609FBC2DE8D}.Release|Win32.ActiveCfg = Release|Win32
		{2A36918B-DF0F-4454-BCD9-0609FBC2DE8D}.Release|Win32.Build.0 = Release|Win32
		{944039B5-5E68-4B24-AD8E-4D82DD083B29}.Debug|Any CPU.ActiveCfg = Debug|Win32
		{944039B5-5E68-4B24-AD8E-4D82DD083B29}.Debug|Mixed Platforms.ActiveCfg = Debug|Win32
		{944039B5-5E68-4B24-AD8E-4D82DD083B29}.Debug|Mixed Platforms.Build.0 = Debug|Win32
		{944039B5-5E68-4B24-AD8E-4D82DD083B29}.Debug|Win32.ActiveCfg = Debug|Win32
		{944039B5-5E68-4B24-AD8E-4D82DD083B29}.Debug|Win32.Build.0 = Debug|Win32
		{944039B5-5E68-4B24-AD8E-4D82DD083B29}.Release|Any CPU.ActiveCfg = Release|Win32
		{944039B5-5E68-4B24-AD8E-4D82DD083B29}.Release|Mixed Platforms.ActiveCfg = Release|Win32
		{944039B5-5E68-4B24-AD8E-4D82DD083B29}.Release|Mixed Platforms.Build.0 = Release|Win32
		{944039B5-5E68-4B24-AD8E-4D82DD083B29}.Release|Win32.ActiveCfg = Release|Win32
		{944039B5-5E68-4B24-AD8E-4D82DD083B29}.Release|Win32.Build.0 = Release|Win32
		{5DD0E8E6-CE5A-4A88-97B3-7F56B62F4275}.Debug|Any CPU.ActiveCfg = Debug|Win32
		{5DD0E8E6-CE5A-4A88-97B3-7F56B62F4275}.Debug|Mixed Platforms.ActiveCfg = Debug|Win32
		{5DD0E8E6-CE5A-4A88-97B3-7F56B62F4275}.Debug|Mixed Platforms.Build.0 = Debug|Win32
		{5DD0E8E6-CE5A-4A88-97B3-7F56B62F4275}.Debug|Win32.ActiveCfg = Debug|Win32
		{5DD0E8E6-CE5A-4A88-97B3-7F56B62F4275}.Debug|Win32.Build.0 = Debug|Win32
		{5DD0E8E6-CE5A-4A88-97B3-7F56B62F4275}.Release|Any CPU.ActiveCfg = Release|Win32
		{5DD0E8E6-CE5A-4A88-97B3-7F56B62F4275}.Release|Mixed Platforms.ActiveCfg = Release|Win32
		{5DD0E8E6-CE5A-4A88-97B3-7F56B62F4275}.Release|Mixed Platforms.Build.0 = Release|Win32
		{5DD0E8E6-CE5A-4A88-97B3-7F56B62F4275}.Release|Win32.ActiveCfg = Release|Win32
		{5DD0E8E6-CE5A-4A88-97B3-7F56B62F4275}.Release|Win32.Build.0 = Release|Win32
		{9DC204C1-D253-4BE0-8D0A-741D50F8E395}.Debug|Any CPU.ActiveCfg = Debug|Win32
		{9DC204C1-D253-4BE0-8D0A-741D50F8E395}.Debug|Mixed Platforms.ActiveCfg = Debug|Win32
		{9DC204C1-D253-4BE0-8D0A-741D50F8E395}.Debug|Mixed Platforms.Build.0 = Debug|Win32
		{9DC204C1-D253-4BE0-8D0A-741D50F8E395}.Debug|Win32.ActiveCfg = Debug|Win32
		{9DC204C1-D253-4BE0-8D0A-741D50F8E395}.Debug|Win32.Build.0 = Debug|Win32
		{9DC204C1-D253-4BE0-8D0A-741D50F8E395}.Release|Any CPU.ActiveCfg = Release|Win32
		{9DC204C1-D253-4BE0-8D0A-741D50F8E395}.Release|Mixed Platforms.ActiveCfg = Release|Win32
		{9DC204C1-D253-4BE0-8D0A-741D50F8E395}.Release|Mixed Platforms.Build.0 = Release|Win32
		{9DC204C1-D253-4BE0-8D0A-741D50F8E395}.Release|Win32.ActiveCfg = Release|Win32
		{9DC204C1-D253-4BE0-8D0A-741D50F8E395}.Release|Win32.Build.0 = Release|Win32
		{44ABCE74-BF1D-4FF3-8FF0-F296DF73893F}.Debug|Any CPU.ActiveCfg = Debug|Win32
		{44ABCE74-BF1D-4FF3-8FF0-F296DF73893F}.Debug|Mixed Platforms.ActiveCfg = Debug|Win32
		{44ABCE74-BF1D-4FF3-8FF0-F296DF73893F}.Debug|Mixed Platforms.Build.0 = Debug|Win32
		{44ABCE74-BF1D-4FF3-8FF0-F296DF73893F}.Debug|Win32.ActiveCfg = Debug|Win32
		{44ABCE74-BF1D-4FF3-8FF0-F296DF73893F}.Debug|Win32.Build.0 = Debug|Win32
		{44ABCE74-BF1D-4FF3-8FF0-F296DF73893F}.Release|Any CPU.ActiveCfg = Release|Win32
		{44ABCE74-BF1D-4FF3-8FF0-F296DF73893F}.Release|Mixed Platforms.ActiveCfg = Release|Win32
		{44ABCE74-BF1D-4FF3-8FF0-F296DF73893F}.Release|Mixed Platforms.Build.0 = Release|Win32
		{44ABCE74-BF1D-4FF3-8FF0-F296DF73893F}.Release|Win32.ActiveCfg = Release|Win32
		{44ABCE74-BF1D-4FF3-8FF0-F296DF73893F}.Release|Win32.Build.0 = Release|Win32
		{45C096F2-A135-4141-BBBC-392E1BE9DD62}.Debug|Any CPU.ActiveCfg = Debug|Win32
		{45C096F2-A135-4141-BBBC-392E1BE9DD62}.Debug|Mixed Platforms.ActiveCfg = Debug|Win32
		{45C096F2-A135-4141-BBBC-392E1BE9DD62}.Debug|Mixed Platforms.Build.0 = Debug|Win32
		{45C096F2-A135-4141-BBBC-392E1BE9DD62}.Debug|Win32.ActiveCfg = Debug|Win32
		{45C096F2-A135-4141-BBBC-392E1BE9DD62}.Debug|Win32.Build.0 = Debug|Win32
		{45C096F2-A135-4141-BBBC-392E1BE9DD62}.Release|Any CPU.ActiveCfg = Release|Win32
		{45C096F2-A135-4141-BBBC-392E1BE9DD62}.Release|Mixed Platforms.ActiveCfg = Release|Win32
		{45C096F2-A135-4141-BBBC-392E1BE9DD62}.Release|Mixed Platforms.Build.0 = Release|Win32
		{45C096F2-A135-4141-BBBC-392E1BE9DD62}.Release|Win32.ActiveCfg = Release|Win32
		{45C096F2-A135-4141-BBBC-392E1BE9DD62}.Release|Win32.Build.0 = Release|Win32
	EndGlobalSection
	GlobalSection(SolutionProperties) = preSolution
		HideSolutionNode = FALSE
	EndGlobalSection
EndGlobal
